
Microsoft Visual Studio Solution File, Format Version 12.00
# Visual Studio Version 17
VisualStudioVersion = 17.2.32602.215
MinimumVisualStudioVersion = 10.0.40219.1
Project("{FAE04EC0-301F-11D3-BF4B-00C04F79EFBC}") = "Project", "Project\Project.csproj", "{2CCFD06F-87F7-4BD8-AD60-C95D4CF24B43}"
EndProject
Global
	GlobalSection(SolutionConfigurationPlatforms) = preSolution
		Debug|Any CPU = Debug|Any CPU
		Release|Any CPU = Release|Any CPU
	EndGlobalSection
	GlobalSection(ProjectConfigurationPlatforms) = postSolution
		{2CCFD06F-87F7-4BD8-AD60-C95D4CF24B43}.Debug|Any CPU.ActiveCfg = Debug|Any CPU
		{2CCFD06F-87F7-4BD8-AD60-C95D4CF24B43}.Debug|Any CPU.Build.0 = Debug|Any CPU
		{2CCFD06F-87F7-4BD8-AD60-C95D4CF24B43}.Release|Any CPU.ActiveCfg = Release|Any CPU
		{2CCFD06F-87F7-4BD8-AD60-C95D4CF24B43}.Release|Any CPU.Build.0 = Release|Any CPU
	EndGlobalSection
	GlobalSection(SolutionProperties) = preSolution
		HideSolutionNode = FALSE
	EndGlobalSection
	GlobalSection(ExtensibilityGlobals) = postSolution
		SolutionGuid = {B28E2966-4AA1-4905-B5BE-D3FFC88A2811}
	EndGlobalSection
EndGlobal
